// !$*UTF8*$!
{
	archiveVersion = 1;
	classes = {
	};
	objectVersion = 56;
	objects = {

/* Begin PBXBuildFile section */
		789C4EC52A04BDE500221FEF /* App.swift in Sources */ = {isa = PBXBuildFile; fileRef = 789C4EC42A04BDE500221FEF /* App.swift */; };
		789C4EC92A04BDE600221FEF /* Assets.xcassets in Resources */ = {isa = PBXBuildFile; fileRef = 789C4EC82A04BDE600221FEF /* Assets.xcassets */; };
		789C4ECD2A04BDE600221FEF /* Preview Assets.xcassets in Resources */ = {isa = PBXBuildFile; fileRef = 789C4ECC2A04BDE600221FEF /* Preview Assets.xcassets */; };
		789C4EE42A04BF0800221FEF /* Card.swift in Sources */ = {isa = PBXBuildFile; fileRef = 789C4EE32A04BF0800221FEF /* Card.swift */; };
		789C4EE82A04C0AB00221FEF /* ScratchCardRepository.swift in Sources */ = {isa = PBXBuildFile; fileRef = 789C4EE62A04C0AB00221FEF /* ScratchCardRepository.swift */; };
		789C4EE92A04C0AB00221FEF /* ScratchCardUseCase.swift in Sources */ = {isa = PBXBuildFile; fileRef = 789C4EE72A04C0AB00221FEF /* ScratchCardUseCase.swift */; };
		789C4EF62A04C1A100221FEF /* ScratchCardUseCaseTests.swift in Sources */ = {isa = PBXBuildFile; fileRef = 789C4EF52A04C1A100221FEF /* ScratchCardUseCaseTests.swift */; };
		789C4EF82A04C1B900221FEF /* ScratchCardRepositoryMock.swift in Sources */ = {isa = PBXBuildFile; fileRef = 789C4EF72A04C1B900221FEF /* ScratchCardRepositoryMock.swift */; };
		789C4EFC2A04C25F00221FEF /* NotificationUseCase.swift in Sources */ = {isa = PBXBuildFile; fileRef = 789C4EFB2A04C25F00221FEF /* NotificationUseCase.swift */; };
		789C4EFE2A04C27B00221FEF /* NotificationUseCaseDisplayMock.swift in Sources */ = {isa = PBXBuildFile; fileRef = 789C4EFD2A04C27B00221FEF /* NotificationUseCaseDisplayMock.swift */; };
		789C4F022A04C30300221FEF /* ActivationNumberDtoConverter.swift in Sources */ = {isa = PBXBuildFile; fileRef = 789C4F002A04C30300221FEF /* ActivationNumberDtoConverter.swift */; };
		789C4F032A04C30300221FEF /* ScratchCardRepositoryImpl.swift in Sources */ = {isa = PBXBuildFile; fileRef = 789C4F012A04C30300221FEF /* ScratchCardRepositoryImpl.swift */; };
		789C4F092A04C3A700221FEF /* NetworkUseCase.swift in Sources */ = {isa = PBXBuildFile; fileRef = 789C4F082A04C3A700221FEF /* NetworkUseCase.swift */; };
		789C4F0B2A04C3AD00221FEF /* ActivationRequest.swift in Sources */ = {isa = PBXBuildFile; fileRef = 789C4F0A2A04C3AD00221FEF /* ActivationRequest.swift */; };
		789C4F0E2A04C3B400221FEF /* ActivationNumberDto.swift in Sources */ = {isa = PBXBuildFile; fileRef = 789C4F0C2A04C3B400221FEF /* ActivationNumberDto.swift */; };
		789C4F0F2A04C3B400221FEF /* NetworkError.swift in Sources */ = {isa = PBXBuildFile; fileRef = 789C4F0D2A04C3B400221FEF /* NetworkError.swift */; };
		789C4F122A04C3DE00221FEF /* ActivationNumberDtoConverterTests.swift in Sources */ = {isa = PBXBuildFile; fileRef = 789C4F112A04C3DE00221FEF /* ActivationNumberDtoConverterTests.swift */; };
		789C4F162A04C44800221FEF /* MainViewModel.swift in Sources */ = {isa = PBXBuildFile; fileRef = 789C4F152A04C44800221FEF /* MainViewModel.swift */; };
		789C4F192A04C45000221FEF /* MainView.swift in Sources */ = {isa = PBXBuildFile; fileRef = 789C4F172A04C45000221FEF /* MainView.swift */; };
		789C4F1A2A04C45000221FEF /* CardView.swift in Sources */ = {isa = PBXBuildFile; fileRef = 789C4F182A04C45000221FEF /* CardView.swift */; };
		789C4F1D2A04C46B00221FEF /* NotificationUseCaseAuthorizeMock.swift in Sources */ = {isa = PBXBuildFile; fileRef = 789C4F1C2A04C46B00221FEF /* NotificationUseCaseAuthorizeMock.swift */; };
		789C4F1F2A04C47800221FEF /* ScratchCardUseCaseObserveCardMock.swift in Sources */ = {isa = PBXBuildFile; fileRef = 789C4F1E2A04C47800221FEF /* ScratchCardUseCaseObserveCardMock.swift */; };
		789C4F212A04C48A00221FEF /* MainViewModelTests.swift in Sources */ = {isa = PBXBuildFile; fileRef = 789C4F202A04C48A00221FEF /* MainViewModelTests.swift */; };
		789C4F272A04C4FB00221FEF /* ScratchCardUseCaseScratchMock.swift in Sources */ = {isa = PBXBuildFile; fileRef = 789C4F262A04C4FB00221FEF /* ScratchCardUseCaseScratchMock.swift */; };
		789C4F292A04C50D00221FEF /* ScratchViewModelTests.swift in Sources */ = {isa = PBXBuildFile; fileRef = 789C4F282A04C50D00221FEF /* ScratchViewModelTests.swift */; };
		789C4F2D2A04C52300221FEF /* ScratchViewModel.swift in Sources */ = {isa = PBXBuildFile; fileRef = 789C4F2C2A04C52300221FEF /* ScratchViewModel.swift */; };
		789C4F2F2A04C52900221FEF /* ScratchView.swift in Sources */ = {isa = PBXBuildFile; fileRef = 789C4F2E2A04C52900221FEF /* ScratchView.swift */; };
		789C4F342A04C55500221FEF /* ActivationViewModel.swift in Sources */ = {isa = PBXBuildFile; fileRef = 789C4F332A04C55500221FEF /* ActivationViewModel.swift */; };
		789C4F362A04C55A00221FEF /* ActivationView.swift in Sources */ = {isa = PBXBuildFile; fileRef = 789C4F352A04C55A00221FEF /* ActivationView.swift */; };
		789C4F3B2A04C57300221FEF /* ScratchCardUseCaseActivateMock.swift in Sources */ = {isa = PBXBuildFile; fileRef = 789C4F3A2A04C57300221FEF /* ScratchCardUseCaseActivateMock.swift */; };
		789C4F3D2A04C57D00221FEF /* ActivationViewModelTests.swift in Sources */ = {isa = PBXBuildFile; fileRef = 789C4F3C2A04C57D00221FEF /* ActivationViewModelTests.swift */; };
/* End PBXBuildFile section */

/* Begin PBXContainerItemProxy section */
		789C4EDB2A04BE3400221FEF /* PBXContainerItemProxy */ = {
			isa = PBXContainerItemProxy;
			containerPortal = 789C4EB92A04BDE500221FEF /* Project object */;
			proxyType = 1;
			remoteGlobalIDString = 789C4EC02A04BDE500221FEF;
			remoteInfo = ScratchCard;
		};
/* End PBXContainerItemProxy section */

/* Begin PBXFileReference section */
		789C4EC12A04BDE500221FEF /* ScratchCard.app */ = {isa = PBXFileReference; explicitFileType = wrapper.application; includeInIndex = 0; path = ScratchCard.app; sourceTree = BUILT_PRODUCTS_DIR; };
		789C4EC42A04BDE500221FEF /* App.swift */ = {isa = PBXFileReference; lastKnownFileType = sourcecode.swift; path = App.swift; sourceTree = "<group>"; };
		789C4EC82A04BDE600221FEF /* Assets.xcassets */ = {isa = PBXFileReference; lastKnownFileType = folder.assetcatalog; path = Assets.xcassets; sourceTree = "<group>"; };
		789C4ECA2A04BDE600221FEF /* ScratchCard.entitlements */ = {isa = PBXFileReference; lastKnownFileType = text.plist.entitlements; path = ScratchCard.entitlements; sourceTree = "<group>"; };
		789C4ECC2A04BDE600221FEF /* Preview Assets.xcassets */ = {isa = PBXFileReference; lastKnownFileType = folder.assetcatalog; path = "Preview Assets.xcassets"; sourceTree = "<group>"; };
		789C4ED72A04BE3400221FEF /* ScratchCardTests.xctest */ = {isa = PBXFileReference; explicitFileType = wrapper.cfbundle; includeInIndex = 0; path = ScratchCardTests.xctest; sourceTree = BUILT_PRODUCTS_DIR; };
		789C4EE32A04BF0800221FEF /* Card.swift */ = {isa = PBXFileReference; fileEncoding = 4; lastKnownFileType = sourcecode.swift; path = Card.swift; sourceTree = "<group>"; };
		789C4EE62A04C0AB00221FEF /* ScratchCardRepository.swift */ = {isa = PBXFileReference; fileEncoding = 4; lastKnownFileType = sourcecode.swift; path = ScratchCardRepository.swift; sourceTree = "<group>"; };
		789C4EE72A04C0AB00221FEF /* ScratchCardUseCase.swift */ = {isa = PBXFileReference; fileEncoding = 4; lastKnownFileType = sourcecode.swift; path = ScratchCardUseCase.swift; sourceTree = "<group>"; };
		789C4EF52A04C1A100221FEF /* ScratchCardUseCaseTests.swift */ = {isa = PBXFileReference; lastKnownFileType = sourcecode.swift; path = ScratchCardUseCaseTests.swift; sourceTree = "<group>"; };
		789C4EF72A04C1B900221FEF /* ScratchCardRepositoryMock.swift */ = {isa = PBXFileReference; lastKnownFileType = sourcecode.swift; path = ScratchCardRepositoryMock.swift; sourceTree = "<group>"; };
		789C4EFB2A04C25F00221FEF /* NotificationUseCase.swift */ = {isa = PBXFileReference; fileEncoding = 4; lastKnownFileType = sourcecode.swift; path = NotificationUseCase.swift; sourceTree = "<group>"; };
		789C4EFD2A04C27B00221FEF /* NotificationUseCaseDisplayMock.swift */ = {isa = PBXFileReference; lastKnownFileType = sourcecode.swift; path = NotificationUseCaseDisplayMock.swift; sourceTree = "<group>"; };
		789C4F002A04C30300221FEF /* ActivationNumberDtoConverter.swift */ = {isa = PBXFileReference; fileEncoding = 4; lastKnownFileType = sourcecode.swift; path = ActivationNumberDtoConverter.swift; sourceTree = "<group>"; };
		789C4F012A04C30300221FEF /* ScratchCardRepositoryImpl.swift */ = {isa = PBXFileReference; fileEncoding = 4; lastKnownFileType = sourcecode.swift; path = ScratchCardRepositoryImpl.swift; sourceTree = "<group>"; };
		789C4F082A04C3A700221FEF /* NetworkUseCase.swift */ = {isa = PBXFileReference; fileEncoding = 4; lastKnownFileType = sourcecode.swift; path = NetworkUseCase.swift; sourceTree = "<group>"; };
		789C4F0A2A04C3AD00221FEF /* ActivationRequest.swift */ = {isa = PBXFileReference; fileEncoding = 4; lastKnownFileType = sourcecode.swift; path = ActivationRequest.swift; sourceTree = "<group>"; };
		789C4F0C2A04C3B400221FEF /* ActivationNumberDto.swift */ = {isa = PBXFileReference; fileEncoding = 4; lastKnownFileType = sourcecode.swift; path = ActivationNumberDto.swift; sourceTree = "<group>"; };
		789C4F0D2A04C3B400221FEF /* NetworkError.swift */ = {isa = PBXFileReference; fileEncoding = 4; lastKnownFileType = sourcecode.swift; path = NetworkError.swift; sourceTree = "<group>"; };
		789C4F112A04C3DE00221FEF /* ActivationNumberDtoConverterTests.swift */ = {isa = PBXFileReference; lastKnownFileType = sourcecode.swift; path = ActivationNumberDtoConverterTests.swift; sourceTree = "<group>"; };
		789C4F152A04C44800221FEF /* MainViewModel.swift */ = {isa = PBXFileReference; fileEncoding = 4; lastKnownFileType = sourcecode.swift; path = MainViewModel.swift; sourceTree = "<group>"; };
		789C4F172A04C45000221FEF /* MainView.swift */ = {isa = PBXFileReference; fileEncoding = 4; lastKnownFileType = sourcecode.swift; path = MainView.swift; sourceTree = "<group>"; };
		789C4F182A04C45000221FEF /* CardView.swift */ = {isa = PBXFileReference; fileEncoding = 4; lastKnownFileType = sourcecode.swift; path = CardView.swift; sourceTree = "<group>"; };
		789C4F1C2A04C46B00221FEF /* NotificationUseCaseAuthorizeMock.swift */ = {isa = PBXFileReference; lastKnownFileType = sourcecode.swift; path = NotificationUseCaseAuthorizeMock.swift; sourceTree = "<group>"; };
		789C4F1E2A04C47800221FEF /* ScratchCardUseCaseObserveCardMock.swift */ = {isa = PBXFileReference; lastKnownFileType = sourcecode.swift; path = ScratchCardUseCaseObserveCardMock.swift; sourceTree = "<group>"; };
		789C4F202A04C48A00221FEF /* MainViewModelTests.swift */ = {isa = PBXFileReference; lastKnownFileType = sourcecode.swift; path = MainViewModelTests.swift; sourceTree = "<group>"; };
		789C4F262A04C4FB00221FEF /* ScratchCardUseCaseScratchMock.swift */ = {isa = PBXFileReference; lastKnownFileType = sourcecode.swift; path = ScratchCardUseCaseScratchMock.swift; sourceTree = "<group>"; };
		789C4F282A04C50D00221FEF /* ScratchViewModelTests.swift */ = {isa = PBXFileReference; lastKnownFileType = sourcecode.swift; path = ScratchViewModelTests.swift; sourceTree = "<group>"; };
		789C4F2C2A04C52300221FEF /* ScratchViewModel.swift */ = {isa = PBXFileReference; fileEncoding = 4; lastKnownFileType = sourcecode.swift; path = ScratchViewModel.swift; sourceTree = "<group>"; };
		789C4F2E2A04C52900221FEF /* ScratchView.swift */ = {isa = PBXFileReference; fileEncoding = 4; lastKnownFileType = sourcecode.swift; path = ScratchView.swift; sourceTree = "<group>"; };
		789C4F332A04C55500221FEF /* ActivationViewModel.swift */ = {isa = PBXFileReference; fileEncoding = 4; lastKnownFileType = sourcecode.swift; path = ActivationViewModel.swift; sourceTree = "<group>"; };
		789C4F352A04C55A00221FEF /* ActivationView.swift */ = {isa = PBXFileReference; fileEncoding = 4; lastKnownFileType = sourcecode.swift; path = ActivationView.swift; sourceTree = "<group>"; };
		789C4F3A2A04C57300221FEF /* ScratchCardUseCaseActivateMock.swift */ = {isa = PBXFileReference; lastKnownFileType = sourcecode.swift; path = ScratchCardUseCaseActivateMock.swift; sourceTree = "<group>"; };
		789C4F3C2A04C57D00221FEF /* ActivationViewModelTests.swift */ = {isa = PBXFileReference; lastKnownFileType = sourcecode.swift; path = ActivationViewModelTests.swift; sourceTree = "<group>"; };
/* End PBXFileReference section */

/* Begin PBXFrameworksBuildPhase section */
		789C4EBE2A04BDE500221FEF /* Frameworks */ = {
			isa = PBXFrameworksBuildPhase;
			buildActionMask = 2147483647;
			files = (
			);
			runOnlyForDeploymentPostprocessing = 0;
		};
		789C4ED42A04BE3400221FEF /* Frameworks */ = {
			isa = PBXFrameworksBuildPhase;
			buildActionMask = 2147483647;
			files = (
			);
			runOnlyForDeploymentPostprocessing = 0;
		};
/* End PBXFrameworksBuildPhase section */

/* Begin PBXGroup section */
		789C4EB82A04BDE500221FEF = {
			isa = PBXGroup;
			children = (
				789C4EC32A04BDE500221FEF /* ScratchCard */,
				789C4ED82A04BE3400221FEF /* ScratchCardTests */,
				789C4EC22A04BDE500221FEF /* Products */,
			);
			sourceTree = "<group>";
		};
		789C4EC22A04BDE500221FEF /* Products */ = {
			isa = PBXGroup;
			children = (
				789C4EC12A04BDE500221FEF /* ScratchCard.app */,
				789C4ED72A04BE3400221FEF /* ScratchCardTests.xctest */,
			);
			name = Products;
			sourceTree = "<group>";
		};
		789C4EC32A04BDE500221FEF /* ScratchCard */ = {
			isa = PBXGroup;
			children = (
				789C4F042A04C31100221FEF /* Network */,
				789C4EF92A04C24600221FEF /* Notification */,
				789C4EE02A04BEF200221FEF /* ScratchCard */,
				789C4EC42A04BDE500221FEF /* App.swift */,
				789C4EC82A04BDE600221FEF /* Assets.xcassets */,
				789C4ECA2A04BDE600221FEF /* ScratchCard.entitlements */,
				789C4ECB2A04BDE600221FEF /* Preview Content */,
			);
			path = ScratchCard;
			sourceTree = "<group>";
		};
		789C4ECB2A04BDE600221FEF /* Preview Content */ = {
			isa = PBXGroup;
			children = (
				789C4ECC2A04BDE600221FEF /* Preview Assets.xcassets */,
			);
			path = "Preview Content";
			sourceTree = "<group>";
		};
		789C4ED82A04BE3400221FEF /* ScratchCardTests */ = {
			isa = PBXGroup;
			children = (
				789C4EEA2A04C0E000221FEF /* ScratchCard */,
			);
			path = ScratchCardTests;
			sourceTree = "<group>";
		};
		789C4EE02A04BEF200221FEF /* ScratchCard */ = {
			isa = PBXGroup;
			children = (
				789C4F302A04C53E00221FEF /* Activation */,
				789C4F222A04C4DA00221FEF /* Scratch */,
				789C4EE12A04BEFD00221FEF /* Main */,
			);
			path = ScratchCard;
			sourceTree = "<group>";
		};
		789C4EE12A04BEFD00221FEF /* Main */ = {
			isa = PBXGroup;
			children = (
				789C4F142A04C43D00221FEF /* View */,
				789C4F132A04C43700221FEF /* Presentation */,
				789C4EFF2A04C2F100221FEF /* Data */,
				789C4EE52A04C09100221FEF /* Domain */,
				789C4EE22A04BF0000221FEF /* Model */,
			);
			path = Main;
			sourceTree = "<group>";
		};
		789C4EE22A04BF0000221FEF /* Model */ = {
			isa = PBXGroup;
			children = (
				789C4EE32A04BF0800221FEF /* Card.swift */,
			);
			path = Model;
			sourceTree = "<group>";
		};
		789C4EE52A04C09100221FEF /* Domain */ = {
			isa = PBXGroup;
			children = (
				789C4EE62A04C0AB00221FEF /* ScratchCardRepository.swift */,
				789C4EE72A04C0AB00221FEF /* ScratchCardUseCase.swift */,
			);
			path = Domain;
			sourceTree = "<group>";
		};
		789C4EEA2A04C0E000221FEF /* ScratchCard */ = {
			isa = PBXGroup;
			children = (
				789C4F372A04C55F00221FEF /* Activation */,
				789C4F232A04C4E100221FEF /* Scratch */,
				789C4EEB2A04C0ED00221FEF /* Main */,
			);
			path = ScratchCard;
			sourceTree = "<group>";
		};
		789C4EEB2A04C0ED00221FEF /* Main */ = {
			isa = PBXGroup;
			children = (
				789C4F1B2A04C45E00221FEF /* Presentation */,
				789C4F102A04C3CF00221FEF /* Data */,
				789C4EED2A04C0FC00221FEF /* Mock */,
				789C4EEC2A04C0F100221FEF /* Domain */,
			);
			path = Main;
			sourceTree = "<group>";
		};
		789C4EEC2A04C0F100221FEF /* Domain */ = {
			isa = PBXGroup;
			children = (
				789C4EF52A04C1A100221FEF /* ScratchCardUseCaseTests.swift */,
			);
			path = Domain;
			sourceTree = "<group>";
		};
		789C4EED2A04C0FC00221FEF /* Mock */ = {
			isa = PBXGroup;
			children = (
				789C4EF72A04C1B900221FEF /* ScratchCardRepositoryMock.swift */,
				789C4EFD2A04C27B00221FEF /* NotificationUseCaseDisplayMock.swift */,
				789C4F1C2A04C46B00221FEF /* NotificationUseCaseAuthorizeMock.swift */,
				789C4F1E2A04C47800221FEF /* ScratchCardUseCaseObserveCardMock.swift */,
			);
			path = Mock;
			sourceTree = "<group>";
		};
		789C4EF92A04C24600221FEF /* Notification */ = {
			isa = PBXGroup;
			children = (
				789C4EFA2A04C25200221FEF /* Domain */,
			);
			path = Notification;
			sourceTree = "<group>";
		};
		789C4EFA2A04C25200221FEF /* Domain */ = {
			isa = PBXGroup;
			children = (
				789C4EFB2A04C25F00221FEF /* NotificationUseCase.swift */,
			);
			path = Domain;
			sourceTree = "<group>";
		};
		789C4EFF2A04C2F100221FEF /* Data */ = {
			isa = PBXGroup;
			children = (
				789C4F002A04C30300221FEF /* ActivationNumberDtoConverter.swift */,
				789C4F012A04C30300221FEF /* ScratchCardRepositoryImpl.swift */,
			);
			path = Data;
			sourceTree = "<group>";
		};
		789C4F042A04C31100221FEF /* Network */ = {
			isa = PBXGroup;
			children = (
				789C4F072A04C39E00221FEF /* Model */,
				789C4F062A04C39A00221FEF /* Domain */,
				789C4F052A04C39500221FEF /* Data */,
			);
			path = Network;
			sourceTree = "<group>";
		};
		789C4F052A04C39500221FEF /* Data */ = {
			isa = PBXGroup;
			children = (
				789C4F0A2A04C3AD00221FEF /* ActivationRequest.swift */,
			);
			path = Data;
			sourceTree = "<group>";
		};
		789C4F062A04C39A00221FEF /* Domain */ = {
			isa = PBXGroup;
			children = (
				789C4F082A04C3A700221FEF /* NetworkUseCase.swift */,
			);
			path = Domain;
			sourceTree = "<group>";
		};
		789C4F072A04C39E00221FEF /* Model */ = {
			isa = PBXGroup;
			children = (
				789C4F0C2A04C3B400221FEF /* ActivationNumberDto.swift */,
				789C4F0D2A04C3B400221FEF /* NetworkError.swift */,
			);
			path = Model;
			sourceTree = "<group>";
		};
		789C4F102A04C3CF00221FEF /* Data */ = {
			isa = PBXGroup;
			children = (
				789C4F112A04C3DE00221FEF /* ActivationNumberDtoConverterTests.swift */,
			);
			path = Data;
			sourceTree = "<group>";
		};
		789C4F132A04C43700221FEF /* Presentation */ = {
			isa = PBXGroup;
			children = (
				789C4F152A04C44800221FEF /* MainViewModel.swift */,
			);
			path = Presentation;
			sourceTree = "<group>";
		};
		789C4F142A04C43D00221FEF /* View */ = {
			isa = PBXGroup;
			children = (
				789C4F182A04C45000221FEF /* CardView.swift */,
				789C4F172A04C45000221FEF /* MainView.swift */,
			);
			path = View;
			sourceTree = "<group>";
		};
		789C4F1B2A04C45E00221FEF /* Presentation */ = {
			isa = PBXGroup;
			children = (
				789C4F202A04C48A00221FEF /* MainViewModelTests.swift */,
			);
			path = Presentation;
			sourceTree = "<group>";
		};
		789C4F222A04C4DA00221FEF /* Scratch */ = {
			isa = PBXGroup;
			children = (
				789C4F2B2A04C51900221FEF /* Presentation */,
				789C4F2A2A04C51600221FEF /* View */,
			);
			path = Scratch;
			sourceTree = "<group>";
		};
		789C4F232A04C4E100221FEF /* Scratch */ = {
			isa = PBXGroup;
			children = (
				789C4F252A04C4EF00221FEF /* Presentation */,
				789C4F242A04C4EC00221FEF /* Mock */,
			);
			path = Scratch;
			sourceTree = "<group>";
		};
		789C4F242A04C4EC00221FEF /* Mock */ = {
			isa = PBXGroup;
			children = (
				789C4F262A04C4FB00221FEF /* ScratchCardUseCaseScratchMock.swift */,
			);
			path = Mock;
			sourceTree = "<group>";
		};
		789C4F252A04C4EF00221FEF /* Presentation */ = {
			isa = PBXGroup;
			children = (
				789C4F282A04C50D00221FEF /* ScratchViewModelTests.swift */,
			);
			path = Presentation;
			sourceTree = "<group>";
		};
		789C4F2A2A04C51600221FEF /* View */ = {
			isa = PBXGroup;
			children = (
				789C4F2E2A04C52900221FEF /* ScratchView.swift */,
			);
			path = View;
			sourceTree = "<group>";
		};
		789C4F2B2A04C51900221FEF /* Presentation */ = {
			isa = PBXGroup;
			children = (
				789C4F2C2A04C52300221FEF /* ScratchViewModel.swift */,
			);
			path = Presentation;
			sourceTree = "<group>";
		};
		789C4F302A04C53E00221FEF /* Activation */ = {
			isa = PBXGroup;
			children = (
				789C4F322A04C54D00221FEF /* Presentation */,
				789C4F312A04C54700221FEF /* View */,
			);
			path = Activation;
			sourceTree = "<group>";
		};
		789C4F312A04C54700221FEF /* View */ = {
			isa = PBXGroup;
			children = (
				789C4F352A04C55A00221FEF /* ActivationView.swift */,
			);
			path = View;
			sourceTree = "<group>";
		};
		789C4F322A04C54D00221FEF /* Presentation */ = {
			isa = PBXGroup;
			children = (
				789C4F332A04C55500221FEF /* ActivationViewModel.swift */,
			);
			path = Presentation;
			sourceTree = "<group>";
		};
		789C4F372A04C55F00221FEF /* Activation */ = {
			isa = PBXGroup;
			children = (
				789C4F392A04C56800221FEF /* Presentation */,
				789C4F382A04C56300221FEF /* Mock */,
			);
			path = Activation;
			sourceTree = "<group>";
		};
		789C4F382A04C56300221FEF /* Mock */ = {
			isa = PBXGroup;
			children = (
				789C4F3A2A04C57300221FEF /* ScratchCardUseCaseActivateMock.swift */,
			);
			path = Mock;
			sourceTree = "<group>";
		};
		789C4F392A04C56800221FEF /* Presentation */ = {
			isa = PBXGroup;
			children = (
				789C4F3C2A04C57D00221FEF /* ActivationViewModelTests.swift */,
			);
			path = Presentation;
			sourceTree = "<group>";
		};
/* End PBXGroup section */

/* Begin PBXNativeTarget section */
		789C4EC02A04BDE500221FEF /* ScratchCard */ = {
			isa = PBXNativeTarget;
			buildConfigurationList = 789C4ED02A04BDE600221FEF /* Build configuration list for PBXNativeTarget "ScratchCard" */;
			buildPhases = (
				789C4EBD2A04BDE500221FEF /* Sources */,
				789C4EBE2A04BDE500221FEF /* Frameworks */,
				789C4EBF2A04BDE500221FEF /* Resources */,
			);
			buildRules = (
			);
			dependencies = (
			);
			name = ScratchCard;
			productName = ScratchCard;
			productReference = 789C4EC12A04BDE500221FEF /* ScratchCard.app */;
			productType = "com.apple.product-type.application";
		};
		789C4ED62A04BE3400221FEF /* ScratchCardTests */ = {
			isa = PBXNativeTarget;
			buildConfigurationList = 789C4EDD2A04BE3400221FEF /* Build configuration list for PBXNativeTarget "ScratchCardTests" */;
			buildPhases = (
				789C4ED32A04BE3400221FEF /* Sources */,
				789C4ED42A04BE3400221FEF /* Frameworks */,
				789C4ED52A04BE3400221FEF /* Resources */,
			);
			buildRules = (
			);
			dependencies = (
				789C4EDC2A04BE3400221FEF /* PBXTargetDependency */,
			);
			name = ScratchCardTests;
			productName = ScratchCardTests;
			productReference = 789C4ED72A04BE3400221FEF /* ScratchCardTests.xctest */;
			productType = "com.apple.product-type.bundle.unit-test";
		};
/* End PBXNativeTarget section */

/* Begin PBXProject section */
		789C4EB92A04BDE500221FEF /* Project object */ = {
			isa = PBXProject;
			attributes = {
				BuildIndependentTargetsInParallel = 1;
				LastSwiftUpdateCheck = 1430;
				LastUpgradeCheck = 1430;
				TargetAttributes = {
					789C4EC02A04BDE500221FEF = {
						CreatedOnToolsVersion = 14.3;
					};
					789C4ED62A04BE3400221FEF = {
						CreatedOnToolsVersion = 14.3;
						LastSwiftMigration = 1430;
						TestTargetID = 789C4EC02A04BDE500221FEF;
					};
				};
			};
			buildConfigurationList = 789C4EBC2A04BDE500221FEF /* Build configuration list for PBXProject "ScratchCard" */;
			compatibilityVersion = "Xcode 14.0";
			developmentRegion = en;
			hasScannedForEncodings = 0;
			knownRegions = (
				en,
				Base,
			);
			mainGroup = 789C4EB82A04BDE500221FEF;
			productRefGroup = 789C4EC22A04BDE500221FEF /* Products */;
			projectDirPath = "";
			projectRoot = "";
			targets = (
				789C4EC02A04BDE500221FEF /* ScratchCard */,
				789C4ED62A04BE3400221FEF /* ScratchCardTests */,
			);
		};
/* End PBXProject section */

/* Begin PBXResourcesBuildPhase section */
		789C4EBF2A04BDE500221FEF /* Resources */ = {
			isa = PBXResourcesBuildPhase;
			buildActionMask = 2147483647;
			files = (
				789C4ECD2A04BDE600221FEF /* Preview Assets.xcassets in Resources */,
				789C4EC92A04BDE600221FEF /* Assets.xcassets in Resources */,
			);
			runOnlyForDeploymentPostprocessing = 0;
		};
		789C4ED52A04BE3400221FEF /* Resources */ = {
			isa = PBXResourcesBuildPhase;
			buildActionMask = 2147483647;
			files = (
			);
			runOnlyForDeploymentPostprocessing = 0;
		};
/* End PBXResourcesBuildPhase section */

/* Begin PBXSourcesBuildPhase section */
		789C4EBD2A04BDE500221FEF /* Sources */ = {
			isa = PBXSourcesBuildPhase;
			buildActionMask = 2147483647;
			files = (
				789C4F1A2A04C45000221FEF /* CardView.swift in Sources */,
				789C4F032A04C30300221FEF /* ScratchCardRepositoryImpl.swift in Sources */,
				789C4F192A04C45000221FEF /* MainView.swift in Sources */,
				789C4EC52A04BDE500221FEF /* App.swift in Sources */,
				789C4F092A04C3A700221FEF /* NetworkUseCase.swift in Sources */,
				789C4F0B2A04C3AD00221FEF /* ActivationRequest.swift in Sources */,
				789C4F362A04C55A00221FEF /* ActivationView.swift in Sources */,
				789C4EE42A04BF0800221FEF /* Card.swift in Sources */,
				789C4EE92A04C0AB00221FEF /* ScratchCardUseCase.swift in Sources */,
				789C4EE82A04C0AB00221FEF /* ScratchCardRepository.swift in Sources */,
				789C4EFC2A04C25F00221FEF /* NotificationUseCase.swift in Sources */,
				789C4F0E2A04C3B400221FEF /* ActivationNumberDto.swift in Sources */,
				789C4F0F2A04C3B400221FEF /* NetworkError.swift in Sources */,
				789C4F2D2A04C52300221FEF /* ScratchViewModel.swift in Sources */,
				789C4F022A04C30300221FEF /* ActivationNumberDtoConverter.swift in Sources */,
				789C4F342A04C55500221FEF /* ActivationViewModel.swift in Sources */,
				789C4F162A04C44800221FEF /* MainViewModel.swift in Sources */,
				789C4F2F2A04C52900221FEF /* ScratchView.swift in Sources */,
			);
			runOnlyForDeploymentPostprocessing = 0;
		};
		789C4ED32A04BE3400221FEF /* Sources */ = {
			isa = PBXSourcesBuildPhase;
			buildActionMask = 2147483647;
			files = (
				789C4EF82A04C1B900221FEF /* ScratchCardRepositoryMock.swift in Sources */,
				789C4F3D2A04C57D00221FEF /* ActivationViewModelTests.swift in Sources */,
				789C4EFE2A04C27B00221FEF /* NotificationUseCaseDisplayMock.swift in Sources */,
				789C4EF62A04C1A100221FEF /* ScratchCardUseCaseTests.swift in Sources */,
				789C4F3B2A04C57300221FEF /* ScratchCardUseCaseActivateMock.swift in Sources */,
				789C4F272A04C4FB00221FEF /* ScratchCardUseCaseScratchMock.swift in Sources */,
				789C4F212A04C48A00221FEF /* MainViewModelTests.swift in Sources */,
				789C4F1F2A04C47800221FEF /* ScratchCardUseCaseObserveCardMock.swift in Sources */,
				789C4F1D2A04C46B00221FEF /* NotificationUseCaseAuthorizeMock.swift in Sources */,
				789C4F292A04C50D00221FEF /* ScratchViewModelTests.swift in Sources */,
				789C4F122A04C3DE00221FEF /* ActivationNumberDtoConverterTests.swift in Sources */,
			);
			runOnlyForDeploymentPostprocessing = 0;
		};
/* End PBXSourcesBuildPhase section */

/* Begin PBXTargetDependency section */
		789C4EDC2A04BE3400221FEF /* PBXTargetDependency */ = {
			isa = PBXTargetDependency;
			target = 789C4EC02A04BDE500221FEF /* ScratchCard */;
			targetProxy = 789C4EDB2A04BE3400221FEF /* PBXContainerItemProxy */;
		};
/* End PBXTargetDependency section */

/* Begin XCBuildConfiguration section */
		789C4ECE2A04BDE600221FEF /* Debug */ = {
			isa = XCBuildConfiguration;
			buildSettings = {
				ALWAYS_SEARCH_USER_PATHS = NO;
				CLANG_ANALYZER_NONNULL = YES;
				CLANG_ANALYZER_NUMBER_OBJECT_CONVERSION = YES_AGGRESSIVE;
				CLANG_CXX_LANGUAGE_STANDARD = "gnu++20";
				CLANG_ENABLE_MODULES = YES;
				CLANG_ENABLE_OBJC_ARC = YES;
				CLANG_ENABLE_OBJC_WEAK = YES;
				CLANG_WARN_BLOCK_CAPTURE_AUTORELEASING = YES;
				CLANG_WARN_BOOL_CONVERSION = YES;
				CLANG_WARN_COMMA = YES;
				CLANG_WARN_CONSTANT_CONVERSION = YES;
				CLANG_WARN_DEPRECATED_OBJC_IMPLEMENTATIONS = YES;
				CLANG_WARN_DIRECT_OBJC_ISA_USAGE = YES_ERROR;
				CLANG_WARN_DOCUMENTATION_COMMENTS = YES;
				CLANG_WARN_EMPTY_BODY = YES;
				CLANG_WARN_ENUM_CONVERSION = YES;
				CLANG_WARN_INFINITE_RECURSION = YES;
				CLANG_WARN_INT_CONVERSION = YES;
				CLANG_WARN_NON_LITERAL_NULL_CONVERSION = YES;
				CLANG_WARN_OBJC_IMPLICIT_RETAIN_SELF = YES;
				CLANG_WARN_OBJC_LITERAL_CONVERSION = YES;
				CLANG_WARN_OBJC_ROOT_CLASS = YES_ERROR;
				CLANG_WARN_QUOTED_INCLUDE_IN_FRAMEWORK_HEADER = YES;
				CLANG_WARN_RANGE_LOOP_ANALYSIS = YES;
				CLANG_WARN_STRICT_PROTOTYPES = YES;
				CLANG_WARN_SUSPICIOUS_MOVE = YES;
				CLANG_WARN_UNGUARDED_AVAILABILITY = YES_AGGRESSIVE;
				CLANG_WARN_UNREACHABLE_CODE = YES;
				CLANG_WARN__DUPLICATE_METHOD_MATCH = YES;
				COPY_PHASE_STRIP = NO;
				DEBUG_INFORMATION_FORMAT = dwarf;
				ENABLE_STRICT_OBJC_MSGSEND = YES;
				ENABLE_TESTABILITY = YES;
				GCC_C_LANGUAGE_STANDARD = gnu11;
				GCC_DYNAMIC_NO_PIC = NO;
				GCC_NO_COMMON_BLOCKS = YES;
				GCC_OPTIMIZATION_LEVEL = 0;
				GCC_PREPROCESSOR_DEFINITIONS = (
					"DEBUG=1",
					"$(inherited)",
				);
				GCC_WARN_64_TO_32_BIT_CONVERSION = YES;
				GCC_WARN_ABOUT_RETURN_TYPE = YES_ERROR;
				GCC_WARN_UNDECLARED_SELECTOR = YES;
				GCC_WARN_UNINITIALIZED_AUTOS = YES_AGGRESSIVE;
				GCC_WARN_UNUSED_FUNCTION = YES;
				GCC_WARN_UNUSED_VARIABLE = YES;
				MTL_ENABLE_DEBUG_INFO = INCLUDE_SOURCE;
				MTL_FAST_MATH = YES;
				ONLY_ACTIVE_ARCH = YES;
				SWIFT_ACTIVE_COMPILATION_CONDITIONS = DEBUG;
				SWIFT_OPTIMIZATION_LEVEL = "-Onone";
			};
			name = Debug;
		};
		789C4ECF2A04BDE600221FEF /* Release */ = {
			isa = XCBuildConfiguration;
			buildSettings = {
				ALWAYS_SEARCH_USER_PATHS = NO;
				CLANG_ANALYZER_NONNULL = YES;
				CLANG_ANALYZER_NUMBER_OBJECT_CONVERSION = YES_AGGRESSIVE;
				CLANG_CXX_LANGUAGE_STANDARD = "gnu++20";
				CLANG_ENABLE_MODULES = YES;
				CLANG_ENABLE_OBJC_ARC = YES;
				CLANG_ENABLE_OBJC_WEAK = YES;
				CLANG_WARN_BLOCK_CAPTURE_AUTORELEASING = YES;
				CLANG_WARN_BOOL_CONVERSION = YES;
				CLANG_WARN_COMMA = YES;
				CLANG_WARN_CONSTANT_CONVERSION = YES;
				CLANG_WARN_DEPRECATED_OBJC_IMPLEMENTATIONS = YES;
				CLANG_WARN_DIRECT_OBJC_ISA_USAGE = YES_ERROR;
				CLANG_WARN_DOCUMENTATION_COMMENTS = YES;
				CLANG_WARN_EMPTY_BODY = YES;
				CLANG_WARN_ENUM_CONVERSION = YES;
				CLANG_WARN_INFINITE_RECURSION = YES;
				CLANG_WARN_INT_CONVERSION = YES;
				CLANG_WARN_NON_LITERAL_NULL_CONVERSION = YES;
				CLANG_WARN_OBJC_IMPLICIT_RETAIN_SELF = YES;
				CLANG_WARN_OBJC_LITERAL_CONVERSION = YES;
				CLANG_WARN_OBJC_ROOT_CLASS = YES_ERROR;
				CLANG_WARN_QUOTED_INCLUDE_IN_FRAMEWORK_HEADER = YES;
				CLANG_WARN_RANGE_LOOP_ANALYSIS = YES;
				CLANG_WARN_STRICT_PROTOTYPES = YES;
				CLANG_WARN_SUSPICIOUS_MOVE = YES;
				CLANG_WARN_UNGUARDED_AVAILABILITY = YES_AGGRESSIVE;
				CLANG_WARN_UNREACHABLE_CODE = YES;
				CLANG_WARN__DUPLICATE_METHOD_MATCH = YES;
				COPY_PHASE_STRIP = NO;
				DEBUG_INFORMATION_FORMAT = "dwarf-with-dsym";
				ENABLE_NS_ASSERTIONS = NO;
				ENABLE_STRICT_OBJC_MSGSEND = YES;
				GCC_C_LANGUAGE_STANDARD = gnu11;
				GCC_NO_COMMON_BLOCKS = YES;
				GCC_WARN_64_TO_32_BIT_CONVERSION = YES;
				GCC_WARN_ABOUT_RETURN_TYPE = YES_ERROR;
				GCC_WARN_UNDECLARED_SELECTOR = YES;
				GCC_WARN_UNINITIALIZED_AUTOS = YES_AGGRESSIVE;
				GCC_WARN_UNUSED_FUNCTION = YES;
				GCC_WARN_UNUSED_VARIABLE = YES;
				MTL_ENABLE_DEBUG_INFO = NO;
				MTL_FAST_MATH = YES;
				SWIFT_COMPILATION_MODE = wholemodule;
				SWIFT_OPTIMIZATION_LEVEL = "-O";
			};
			name = Release;
		};
		789C4ED12A04BDE600221FEF /* Debug */ = {
			isa = XCBuildConfiguration;
			buildSettings = {
				ASSETCATALOG_COMPILER_APPICON_NAME = AppIcon;
				ASSETCATALOG_COMPILER_GLOBAL_ACCENT_COLOR_NAME = AccentColor;
				CODE_SIGN_ENTITLEMENTS = ScratchCard/ScratchCard.entitlements;
				CODE_SIGN_STYLE = Automatic;
				CURRENT_PROJECT_VERSION = 1;
				DEVELOPMENT_ASSET_PATHS = "\"ScratchCard/Preview Content\"";
				ENABLE_PREVIEWS = YES;
				GENERATE_INFOPLIST_FILE = YES;
				INFOPLIST_KEY_CFBundleDisplayName = ScratchCard;
				"INFOPLIST_KEY_UIApplicationSceneManifest_Generation[sdk=iphoneos*]" = YES;
				"INFOPLIST_KEY_UIApplicationSceneManifest_Generation[sdk=iphonesimulator*]" = YES;
				"INFOPLIST_KEY_UIApplicationSupportsIndirectInputEvents[sdk=iphoneos*]" = YES;
				"INFOPLIST_KEY_UIApplicationSupportsIndirectInputEvents[sdk=iphonesimulator*]" = YES;
				"INFOPLIST_KEY_UILaunchScreen_Generation[sdk=iphoneos*]" = YES;
				"INFOPLIST_KEY_UILaunchScreen_Generation[sdk=iphonesimulator*]" = YES;
				"INFOPLIST_KEY_UIStatusBarStyle[sdk=iphoneos*]" = UIStatusBarStyleDefault;
				"INFOPLIST_KEY_UIStatusBarStyle[sdk=iphonesimulator*]" = UIStatusBarStyleDefault;
				INFOPLIST_KEY_UISupportedInterfaceOrientations = UIInterfaceOrientationPortrait;
				INFOPLIST_KEY_UISupportedInterfaceOrientations_iPad = "UIInterfaceOrientationLandscapeLeft UIInterfaceOrientationLandscapeRight UIInterfaceOrientationPortrait UIInterfaceOrientationPortraitUpsideDown";
				IPHONEOS_DEPLOYMENT_TARGET = 16.4;
				LD_RUNPATH_SEARCH_PATHS = "@executable_path/Frameworks";
				"LD_RUNPATH_SEARCH_PATHS[sdk=macosx*]" = "@executable_path/../Frameworks";
				MACOSX_DEPLOYMENT_TARGET = 13.3;
				MARKETING_VERSION = 1.0;
				PRODUCT_BUNDLE_IDENTIFIER = cleverlance.ScratchCard;
				PRODUCT_NAME = "$(TARGET_NAME)";
				SDKROOT = auto;
				SUPPORTED_PLATFORMS = "iphoneos iphonesimulator";
				SUPPORTS_MACCATALYST = NO;
				SUPPORTS_MAC_DESIGNED_FOR_IPHONE_IPAD = NO;
				SWIFT_EMIT_LOC_STRINGS = YES;
				SWIFT_VERSION = 5.0;
				TARGETED_DEVICE_FAMILY = 1;
			};
			name = Debug;
		};
		789C4ED22A04BDE600221FEF /* Release */ = {
			isa = XCBuildConfiguration;
			buildSettings = {
				ASSETCATALOG_COMPILER_APPICON_NAME = AppIcon;
				ASSETCATALOG_COMPILER_GLOBAL_ACCENT_COLOR_NAME = AccentColor;
				CODE_SIGN_ENTITLEMENTS = ScratchCard/ScratchCard.entitlements;
				CODE_SIGN_STYLE = Automatic;
				CURRENT_PROJECT_VERSION = 1;
				DEVELOPMENT_ASSET_PATHS = "\"ScratchCard/Preview Content\"";
				ENABLE_PREVIEWS = YES;
				GENERATE_INFOPLIST_FILE = YES;
				INFOPLIST_KEY_CFBundleDisplayName = ScratchCard;
				"INFOPLIST_KEY_UIApplicationSceneManifest_Generation[sdk=iphoneos*]" = YES;
				"INFOPLIST_KEY_UIApplicationSceneManifest_Generation[sdk=iphonesimulator*]" = YES;
				"INFOPLIST_KEY_UIApplicationSupportsIndirectInputEvents[sdk=iphoneos*]" = YES;
				"INFOPLIST_KEY_UIApplicationSupportsIndirectInputEvents[sdk=iphonesimulator*]" = YES;
				"INFOPLIST_KEY_UILaunchScreen_Generation[sdk=iphoneos*]" = YES;
				"INFOPLIST_KEY_UILaunchScreen_Generation[sdk=iphonesimulator*]" = YES;
				"INFOPLIST_KEY_UIStatusBarStyle[sdk=iphoneos*]" = UIStatusBarStyleDefault;
				"INFOPLIST_KEY_UIStatusBarStyle[sdk=iphonesimulator*]" = UIStatusBarStyleDefault;
				INFOPLIST_KEY_UISupportedInterfaceOrientations = UIInterfaceOrientationPortrait;
				INFOPLIST_KEY_UISupportedInterfaceOrientations_iPad = "UIInterfaceOrientationLandscapeLeft UIInterfaceOrientationLandscapeRight UIInterfaceOrientationPortrait UIInterfaceOrientationPortraitUpsideDown";
				IPHONEOS_DEPLOYMENT_TARGET = 16.4;
				LD_RUNPATH_SEARCH_PATHS = "@executable_path/Frameworks";
				"LD_RUNPATH_SEARCH_PATHS[sdk=macosx*]" = "@executable_path/../Frameworks";
				MACOSX_DEPLOYMENT_TARGET = 13.3;
				MARKETING_VERSION = 1.0;
				PRODUCT_BUNDLE_IDENTIFIER = cleverlance.ScratchCard;
				PRODUCT_NAME = "$(TARGET_NAME)";
				SDKROOT = auto;
				SUPPORTED_PLATFORMS = "iphoneos iphonesimulator";
				SUPPORTS_MACCATALYST = NO;
				SUPPORTS_MAC_DESIGNED_FOR_IPHONE_IPAD = NO;
				SWIFT_EMIT_LOC_STRINGS = YES;
				SWIFT_VERSION = 5.0;
				TARGETED_DEVICE_FAMILY = 1;
			};
			name = Release;
		};
		789C4EDE2A04BE3400221FEF /* Debug */ = {
			isa = XCBuildConfiguration;
			buildSettings = {
				BUNDLE_LOADER = "$(TEST_HOST)";
				CLANG_ENABLE_MODULES = YES;
				CODE_SIGN_STYLE = Automatic;
				CURRENT_PROJECT_VERSION = 1;
				GENERATE_INFOPLIST_FILE = YES;
				IPHONEOS_DEPLOYMENT_TARGET = 16.4;
				MARKETING_VERSION = 1.0;
				PRODUCT_BUNDLE_IDENTIFIER = cleverlance.ScratchCardTests;
				PRODUCT_NAME = "$(TARGET_NAME)";
				SDKROOT = iphoneos;
				SWIFT_EMIT_LOC_STRINGS = NO;
				SWIFT_OPTIMIZATION_LEVEL = "-Onone";
				SWIFT_VERSION = 5.0;
				TARGETED_DEVICE_FAMILY = "1,2";
				TEST_HOST = "$(BUILT_PRODUCTS_DIR)/ScratchCard.app/$(BUNDLE_EXECUTABLE_FOLDER_PATH)/ScratchCard";
			};
			name = Debug;
		};
		789C4EDF2A04BE3400221FEF /* Release */ = {
			isa = XCBuildConfiguration;
			buildSettings = {
				BUNDLE_LOADER = "$(TEST_HOST)";
				CLANG_ENABLE_MODULES = YES;
				CODE_SIGN_STYLE = Automatic;
				CURRENT_PROJECT_VERSION = 1;
				GENERATE_INFOPLIST_FILE = YES;
				IPHONEOS_DEPLOYMENT_TARGET = 16.4;
				MARKETING_VERSION = 1.0;
				PRODUCT_BUNDLE_IDENTIFIER = cleverlance.ScratchCardTests;
				PRODUCT_NAME = "$(TARGET_NAME)";
				SDKROOT = iphoneos;
				SWIFT_EMIT_LOC_STRINGS = NO;
				SWIFT_VERSION = 5.0;
				TARGETED_DEVICE_FAMILY = "1,2";
				TEST_HOST = "$(BUILT_PRODUCTS_DIR)/ScratchCard.app/$(BUNDLE_EXECUTABLE_FOLDER_PATH)/ScratchCard";
				VALIDATE_PRODUCT = YES;
			};
			name = Release;
		};
/* End XCBuildConfiguration section */

/* Begin XCConfigurationList section */
		789C4EBC2A04BDE500221FEF /* Build configuration list for PBXProject "ScratchCard" */ = {
			isa = XCConfigurationList;
			buildConfigurations = (
				789C4ECE2A04BDE600221FEF /* Debug */,
				789C4ECF2A04BDE600221FEF /* Release */,
			);
			defaultConfigurationIsVisible = 0;
			defaultConfigurationName = Release;
		};
		789C4ED02A04BDE600221FEF /* Build configuration list for PBXNativeTarget "ScratchCard" */ = {
			isa = XCConfigurationList;
			buildConfigurations = (
				789C4ED12A04BDE600221FEF /* Debug */,
				789C4ED22A04BDE600221FEF /* Release */,
			);
			defaultConfigurationIsVisible = 0;
			defaultConfigurationName = Release;
		};
		789C4EDD2A04BE3400221FEF /* Build configuration list for PBXNativeTarget "ScratchCardTests" */ = {
			isa = XCConfigurationList;
			buildConfigurations = (
				789C4EDE2A04BE3400221FEF /* Debug */,
				789C4EDF2A04BE3400221FEF /* Release */,
			);
			defaultConfigurationIsVisible = 0;
			defaultConfigurationName = Release;
		};
/* End XCConfigurationList section */
	};
	rootObject = 789C4EB92A04BDE500221FEF /* Project object */;
}
